
Microsoft Visual Studio Solution File, Format Version 12.00
# Visual Studio Version 16
VisualStudioVersion = 16.0.31624.102
MinimumVisualStudioVersion = 10.0.40219.1
Project("{FAE04EC0-301F-11D3-BF4B-00C04F79EFBC}") = "MemoryUtil", "MemoryUtil\MemoryUtil.csproj", "{903AE1CA-CD6B-4EA3-9490-B1E5CF87AA8A}"
EndProject
Global
	GlobalSection(SolutionConfigurationPlatforms) = preSolution
		Debug|Any CPU = Debug|Any CPU
		Release|Any CPU = Release|Any CPU
	EndGlobalSection
	GlobalSection(ProjectConfigurationPlatforms) = postSolution
		{903AE1CA-CD6B-4EA3-9490-B1E5CF87AA8A}.Debug|Any CPU.ActiveCfg = Debug|Any CPU
		{903AE1CA-CD6B-4EA3-9490-B1E5CF87AA8A}.Debug|Any CPU.Build.0 = Debug|Any CPU
		{903AE1CA-CD6B-4EA3-9490-B1E5CF87AA8A}.Release|Any CPU.ActiveCfg = Release|Any CPU
		{903AE1CA-CD6B-4EA3-9490-B1E5CF87AA8A}.Release|Any CPU.Build.0 = Release|Any CPU
	EndGlobalSection
	GlobalSection(SolutionProperties) = preSolution
		HideSolutionNode = FALSE
	EndGlobalSection
	GlobalSection(ExtensibilityGlobals) = postSolution
		SolutionGuid = {89FE358B-8E37-43F8-B8E3-80E9CA507081}
	EndGlobalSection
EndGlobal
